
Microsoft Visual Studio Solution File, Format Version 12.00
# Visual Studio Version 16
VisualStudioVersion = 16.0.31424.327
MinimumVisualStudioVersion = 10.0.40219.1
Project("{9A19103F-16F7-4668-BE54-9A1E7A4F7556}") = "WebApplication1", "WebApplication1\WebApplication1.csproj", "{068D9FBA-C527-4A44-AECA-0A7EFE055052}"
EndProject
Project("{9A19103F-16F7-4668-BE54-9A1E7A4F7556}") = "WebApplication2", "WebApplication2\WebApplication2.csproj", "{EC1AB42E-A3B5-47C5-A72A-55D711B0774E}"
EndProject
Project("{9A19103F-16F7-4668-BE54-9A1E7A4F7556}") = "OcelotExtension", "OcelotExtension\OcelotExtension.csproj", "{1F90FB4D-090A-4DDD-B826-D2BAC294AAE3}"
EndProject
Project("{9A19103F-16F7-4668-BE54-9A1E7A4F7556}") = "OcelotExtensionLib", "OcelotExtensionLib\OcelotExtensionLib.csproj", "{2A28BA9E-067E-44FF-B04E-41087D15958C}"
EndProject
Global
	GlobalSection(SolutionConfigurationPlatforms) = preSolution
		Debug|Any CPU = Debug|Any CPU
		Release|Any CPU = Release|Any CPU
	EndGlobalSection
	GlobalSection(ProjectConfigurationPlatforms) = postSolution
		{068D9FBA-C527-4A44-AECA-0A7EFE055052}.Debug|Any CPU.ActiveCfg = Debug|Any CPU
		{068D9FBA-C527-4A44-AECA-0A7EFE055052}.Debug|Any CPU.Build.0 = Debug|Any CPU
		{068D9FBA-C527-4A44-AECA-0A7EFE055052}.Release|Any CPU.ActiveCfg = Release|Any CPU
		{068D9FBA-C527-4A44-AECA-0A7EFE055052}.Release|Any CPU.Build.0 = Release|Any CPU
		{EC1AB42E-A3B5-47C5-A72A-55D711B0774E}.Debug|Any CPU.ActiveCfg = Debug|Any CPU
		{EC1AB42E-A3B5-47C5-A72A-55D711B0774E}.Debug|Any CPU.Build.0 = Debug|Any CPU
		{EC1AB42E-A3B5-47C5-A72A-55D711B0774E}.Release|Any CPU.ActiveCfg = Release|Any CPU
		{EC1AB42E-A3B5-47C5-A72A-55D711B0774E}.Release|Any CPU.Build.0 = Release|Any CPU
		{1F90FB4D-090A-4DDD-B826-D2BAC294AAE3}.Debug|Any CPU.ActiveCfg = Debug|Any CPU
		{1F90FB4D-090A-4DDD-B826-D2BAC294AAE3}.Debug|Any CPU.Build.0 = Debug|Any CPU
		{1F90FB4D-090A-4DDD-B826-D2BAC294AAE3}.Release|Any CPU.ActiveCfg = Release|Any CPU
		{1F90FB4D-090A-4DDD-B826-D2BAC294AAE3}.Release|Any CPU.Build.0 = Release|Any CPU
		{2A28BA9E-067E-44FF-B04E-41087D15958C}.Debug|Any CPU.ActiveCfg = Debug|Any CPU
		{2A28BA9E-067E-44FF-B04E-41087D15958C}.Debug|Any CPU.Build.0 = Debug|Any CPU
		{2A28BA9E-067E-44FF-B04E-41087D15958C}.Release|Any CPU.ActiveCfg = Release|Any CPU
		{2A28BA9E-067E-44FF-B04E-41087D15958C}.Release|Any CPU.Build.0 = Release|Any CPU
	EndGlobalSection
	GlobalSection(SolutionProperties) = preSolution
		HideSolutionNode = FALSE
	EndGlobalSection
	GlobalSection(ExtensibilityGlobals) = postSolution
		SolutionGuid = {74C873E6-8F60-47E7-9FBB-E8D9A1860759}
	EndGlobalSection
EndGlobal
